
Microsoft Visual Studio Solution File, Format Version 12.00
# Visual Studio Version 17
VisualStudioVersion = 17.0.31903.59
MinimumVisualStudioVersion = 10.0.40219.1
Project("{FAE04EC0-301F-11D3-BF4B-00C04F79EFBC}") = "API", "API\API.csproj", "{61895554-A1F9-4DC7-9826-B06BD40CB13E}"
EndProject
Project("{FAE04EC0-301F-11D3-BF4B-00C04F79EFBC}") = "Application", "Application\Application.csproj", "{07EE2EDD-A3DF-49EB-8785-4499FEC35F1D}"
EndProject
Project("{FAE04EC0-301F-11D3-BF4B-00C04F79EFBC}") = "Domain", "Domain\Domain.csproj", "{69A99DE9-4AD2-4ABB-A23A-BA3A9EC92037}"
EndProject
Project("{FAE04EC0-301F-11D3-BF4B-00C04F79EFBC}") = "Persistence", "Persistence\Persistence.csproj", "{F4E6B8D8-6457-4746-8E36-DC049009E1E4}"
EndProject
Global
	GlobalSection(SolutionConfigurationPlatforms) = preSolution
		Debug|Any CPU = Debug|Any CPU
		Release|Any CPU = Release|Any CPU
	EndGlobalSection
	GlobalSection(SolutionProperties) = preSolution
		HideSolutionNode = FALSE
	EndGlobalSection
	GlobalSection(ProjectConfigurationPlatforms) = postSolution
		{61895554-A1F9-4DC7-9826-B06BD40CB13E}.Debug|Any CPU.ActiveCfg = Debug|Any CPU
		{61895554-A1F9-4DC7-9826-B06BD40CB13E}.Debug|Any CPU.Build.0 = Debug|Any CPU
		{61895554-A1F9-4DC7-9826-B06BD40CB13E}.Release|Any CPU.ActiveCfg = Release|Any CPU
		{61895554-A1F9-4DC7-9826-B06BD40CB13E}.Release|Any CPU.Build.0 = Release|Any CPU
		{07EE2EDD-A3DF-49EB-8785-4499FEC35F1D}.Debug|Any CPU.ActiveCfg = Debug|Any CPU
		{07EE2EDD-A3DF-49EB-8785-4499FEC35F1D}.Debug|Any CPU.Build.0 = Debug|Any CPU
		{07EE2EDD-A3DF-49EB-8785-4499FEC35F1D}.Release|Any CPU.ActiveCfg = Release|Any CPU
		{07EE2EDD-A3DF-49EB-8785-4499FEC35F1D}.Release|Any CPU.Build.0 = Release|Any CPU
		{69A99DE9-4AD2-4ABB-A23A-BA3A9EC92037}.Debug|Any CPU.ActiveCfg = Debug|Any CPU
		{69A99DE9-4AD2-4ABB-A23A-BA3A9EC92037}.Debug|Any CPU.Build.0 = Debug|Any CPU
		{69A99DE9-4AD2-4ABB-A23A-BA3A9EC92037}.Release|Any CPU.ActiveCfg = Release|Any CPU
		{69A99DE9-4AD2-4ABB-A23A-BA3A9EC92037}.Release|Any CPU.Build.0 = Release|Any CPU
		{F4E6B8D8-6457-4746-8E36-DC049009E1E4}.Debug|Any CPU.ActiveCfg = Debug|Any CPU
		{F4E6B8D8-6457-4746-8E36-DC049009E1E4}.Debug|Any CPU.Build.0 = Debug|Any CPU
		{F4E6B8D8-6457-4746-8E36-DC049009E1E4}.Release|Any CPU.ActiveCfg = Release|Any CPU
		{F4E6B8D8-6457-4746-8E36-DC049009E1E4}.Release|Any CPU.Build.0 = Release|Any CPU
	EndGlobalSection
EndGlobal
